// !$*UTF8*$!
{
	archiveVersion = 1;
	classes = {
	};
	objectVersion = 77;
	objects = {

/* Begin PBXContainerItemProxy section */
		AD4931FD2CBFBD0B007A2DE2 /* PBXContainerItemProxy */ = {
			isa = PBXContainerItemProxy;
			containerPortal = AD4931E22CBFBD09007A2DE2 /* Project object */;
			proxyType = 1;
			remoteGlobalIDString = AD4931E92CBFBD09007A2DE2;
			remoteInfo = trustSaver;
		};
		AD4932072CBFBD0B007A2DE2 /* PBXContainerItemProxy */ = {
			isa = PBXContainerItemProxy;
			containerPortal = AD4931E22CBFBD09007A2DE2 /* Project object */;
			proxyType = 1;
			remoteGlobalIDString = AD4931E92CBFBD09007A2DE2;
			remoteInfo = trustSaver;
		};
/* End PBXContainerItemProxy section */

/* Begin PBXFileReference section */
		AD4931EA2CBFBD09007A2DE2 /* trustSaver.app */ = {isa = PBXFileReference; explicitFileType = wrapper.application; includeInIndex = 0; path = trustSaver.app; sourceTree = BUILT_PRODUCTS_DIR; };
		AD4931FC2CBFBD0B007A2DE2 /* trustSaverTests.xctest */ = {isa = PBXFileReference; explicitFileType = wrapper.cfbundle; includeInIndex = 0; path = trustSaverTests.xctest; sourceTree = BUILT_PRODUCTS_DIR; };
		AD4932062CBFBD0B007A2DE2 /* trustSaverUITests.xctest */ = {isa = PBXFileReference; explicitFileType = wrapper.cfbundle; includeInIndex = 0; path = trustSaverUITests.xctest; sourceTree = BUILT_PRODUCTS_DIR; };
/* End PBXFileReference section */

/* Begin PBXFileSystemSynchronizedRootGroup section */
		AD4931EC2CBFBD09007A2DE2 /* trustSaver */ = {
			isa = PBXFileSystemSynchronizedRootGroup;
			path = trustSaver;
			sourceTree = "<group>";
		};
		AD4931FF2CBFBD0B007A2DE2 /* trustSaverTests */ = {
			isa = PBXFileSystemSynchronizedRootGroup;
			path = trustSaverTests;
			sourceTree = "<group>";
		};
		AD4932092CBFBD0B007A2DE2 /* trustSaverUITests */ = {
			isa = PBXFileSystemSynchronizedRootGroup;
			path = trustSaverUITests;
			sourceTree = "<group>";
		};
/* End PBXFileSystemSynchronizedRootGroup section */

/* Begin PBXFrameworksBuildPhase section */
		AD4931E72CBFBD09007A2DE2 /* Frameworks */ = {
			isa = PBXFrameworksBuildPhase;
			buildActionMask = 2147483647;
			files = (
			);
			runOnlyForDeploymentPostprocessing = 0;
		};
		AD4931F92CBFBD0B007A2DE2 /* Frameworks */ = {
			isa = PBXFrameworksBuildPhase;
			buildActionMask = 2147483647;
			files = (
			);
			runOnlyForDeploymentPostprocessing = 0;
		};
		AD4932032CBFBD0B007A2DE2 /* Frameworks */ = {
			isa = PBXFrameworksBuildPhase;
			buildActionMask = 2147483647;
			files = (
			);
			runOnlyForDeploymentPostprocessing = 0;
		};
/* End PBXFrameworksBuildPhase section */

/* Begin PBXGroup section */
		AD4931E12CBFBD09007A2DE2 = {
			isa = PBXGroup;
			children = (
				AD4931EC2CBFBD09007A2DE2 /* trustSaver */,
				AD4931FF2CBFBD0B007A2DE2 /* trustSaverTests */,
				AD4932092CBFBD0B007A2DE2 /* trustSaverUITests */,
				AD4931EB2CBFBD09007A2DE2 /* Products */,
			);
			sourceTree = "<group>";
		};
		AD4931EB2CBFBD09007A2DE2 /* Products */ = {
			isa = PBXGroup;
			children = (
				AD4931EA2CBFBD09007A2DE2 /* trustSaver.app */,
				AD4931FC2CBFBD0B007A2DE2 /* trustSaverTests.xctest */,
				AD4932062CBFBD0B007A2DE2 /* trustSaverUITests.xctest */,
			);
			name = Products;
			sourceTree = "<group>";
		};
/* End PBXGroup section */

/* Begin PBXNativeTarget section */
		AD4931E92CBFBD09007A2DE2 /* trustSaver */ = {
			isa = PBXNativeTarget;
			buildConfigurationList = AD4932102CBFBD0B007A2DE2 /* Build configuration list for PBXNativeTarget "trustSaver" */;
			buildPhases = (
				AD4931E62CBFBD09007A2DE2 /* Sources */,
				AD4931E72CBFBD09007A2DE2 /* Frameworks */,
				AD4931E82CBFBD09007A2DE2 /* Resources */,
			);
			buildRules = (
			);
			dependencies = (
			);
			fileSystemSynchronizedGroups = (
				AD4931EC2CBFBD09007A2DE2 /* trustSaver */,
			);
			name = trustSaver;
			packageProductDependencies = (
			);
			productName = trustSaver;
			productReference = AD4931EA2CBFBD09007A2DE2 /* trustSaver.app */;
			productType = "com.apple.product-type.application";
		};
		AD4931FB2CBFBD0B007A2DE2 /* trustSaverTests */ = {
			isa = PBXNativeTarget;
			buildConfigurationList = AD4932132CBFBD0B007A2DE2 /* Build configuration list for PBXNativeTarget "trustSaverTests" */;
			buildPhases = (
				AD4931F82CBFBD0B007A2DE2 /* Sources */,
				AD4931F92CBFBD0B007A2DE2 /* Frameworks */,
				AD4931FA2CBFBD0B007A2DE2 /* Resources */,
			);
			buildRules = (
			);
			dependencies = (
				AD4931FE2CBFBD0B007A2DE2 /* PBXTargetDependency */,
			);
			fileSystemSynchronizedGroups = (
				AD4931FF2CBFBD0B007A2DE2 /* trustSaverTests */,
			);
			name = trustSaverTests;
			packageProductDependencies = (
			);
			productName = trustSaverTests;
			productReference = AD4931FC2CBFBD0B007A2DE2 /* trustSaverTests.xctest */;
			productType = "com.apple.product-type.bundle.unit-test";
		};
		AD4932052CBFBD0B007A2DE2 /* trustSaverUITests */ = {
			isa = PBXNativeTarget;
			buildConfigurationList = AD4932162CBFBD0B007A2DE2 /* Build configuration list for PBXNativeTarget "trustSaverUITests" */;
			buildPhases = (
				AD4932022CBFBD0B007A2DE2 /* Sources */,
				AD4932032CBFBD0B007A2DE2 /* Frameworks */,
				AD4932042CBFBD0B007A2DE2 /* Resources */,
			);
			buildRules = (
			);
			dependencies = (
				AD4932082CBFBD0B007A2DE2 /* PBXTargetDependency */,
			);
			fileSystemSynchronizedGroups = (
				AD4932092CBFBD0B007A2DE2 /* trustSaverUITests */,
			);
			name = trustSaverUITests;
			packageProductDependencies = (
			);
			productName = trustSaverUITests;
			productReference = AD4932062CBFBD0B007A2DE2 /* trustSaverUITests.xctest */;
			productType = "com.apple.product-type.bundle.ui-testing";
		};
/* End PBXNativeTarget section */

/* Begin PBXProject section */
		AD4931E22CBFBD09007A2DE2 /* Project object */ = {
			isa = PBXProject;
			attributes = {
				BuildIndependentTargetsInParallel = 1;
				LastSwiftUpdateCheck = 1600;
				LastUpgradeCheck = 1600;
				TargetAttributes = {
					AD4931E92CBFBD09007A2DE2 = {
						CreatedOnToolsVersion = 16.0;
					};
					AD4931FB2CBFBD0B007A2DE2 = {
						CreatedOnToolsVersion = 16.0;
						TestTargetID = AD4931E92CBFBD09007A2DE2;
					};
					AD4932052CBFBD0B007A2DE2 = {
						CreatedOnToolsVersion = 16.0;
						TestTargetID = AD4931E92CBFBD09007A2DE2;
					};
				};
			};
			buildConfigurationList = AD4931E52CBFBD09007A2DE2 /* Build configuration list for PBXProject "trustSaver" */;
			developmentRegion = en;
			hasScannedForEncodings = 0;
			knownRegions = (
				en,
				Base,
			);
			mainGroup = AD4931E12CBFBD09007A2DE2;
			minimizedProjectReferenceProxies = 1;
			preferredProjectObjectVersion = 77;
			productRefGroup = AD4931EB2CBFBD09007A2DE2 /* Products */;
			projectDirPath = "";
			projectRoot = "";
			targets = (
				AD4931E92CBFBD09007A2DE2 /* trustSaver */,
				AD4931FB2CBFBD0B007A2DE2 /* trustSaverTests */,
				AD4932052CBFBD0B007A2DE2 /* trustSaverUITests */,
			);
		};
/* End PBXProject section */

/* Begin PBXResourcesBuildPhase section */
		AD4931E82CBFBD09007A2DE2 /* Resources */ = {
			isa = PBXResourcesBuildPhase;
			buildActionMask = 2147483647;
			files = (
			);
			runOnlyForDeploymentPostprocessing = 0;
		};
		AD4931FA2CBFBD0B007A2DE2 /* Resources */ = {
			isa = PBXResourcesBuildPhase;
			buildActionMask = 2147483647;
			files = (
			);
			runOnlyForDeploymentPostprocessing = 0;
		};
		AD4932042CBFBD0B007A2DE2 /* Resources */ = {
			isa = PBXResourcesBuildPhase;
			buildActionMask = 2147483647;
			files = (
			);
			runOnlyForDeploymentPostprocessing = 0;
		};
/* End PBXResourcesBuildPhase section */

/* Begin PBXSourcesBuildPhase section */
		AD4931E62CBFBD09007A2DE2 /* Sources */ = {
			isa = PBXSourcesBuildPhase;
			buildActionMask = 2147483647;
			files = (
			);
			runOnlyForDeploymentPostprocessing = 0;
		};
		AD4931F82CBFBD0B007A2DE2 /* Sources */ = {
			isa = PBXSourcesBuildPhase;
			buildActionMask = 2147483647;
			files = (
			);
			runOnlyForDeploymentPostprocessing = 0;
		};
		AD4932022CBFBD0B007A2DE2 /* Sources */ = {
			isa = PBXSourcesBuildPhase;
			buildActionMask = 2147483647;
			files = (
			);
			runOnlyForDeploymentPostprocessing = 0;
		};
/* End PBXSourcesBuildPhase section */

/* Begin PBXTargetDependency section */
		AD4931FE2CBFBD0B007A2DE2 /* PBXTargetDependency */ = {
			isa = PBXTargetDependency;
			target = AD4931E92CBFBD09007A2DE2 /* trustSaver */;
			targetProxy = AD4931FD2CBFBD0B007A2DE2 /* PBXContainerItemProxy */;
		};
		AD4932082CBFBD0B007A2DE2 /* PBXTargetDependency */ = {
			isa = PBXTargetDependency;
			target = AD4931E92CBFBD09007A2DE2 /* trustSaver */;
			targetProxy = AD4932072CBFBD0B007A2DE2 /* PBXContainerItemProxy */;
		};
/* End PBXTargetDependency section */

/* Begin XCBuildConfiguration section */
		AD49320E2CBFBD0B007A2DE2 /* Debug */ = {
			isa = XCBuildConfiguration;
			buildSettings = {
				ALWAYS_SEARCH_USER_PATHS = NO;
				ASSETCATALOG_COMPILER_GENERATE_SWIFT_ASSET_SYMBOL_EXTENSIONS = YES;
				CLANG_ANALYZER_NONNULL = YES;
				CLANG_ANALYZER_NUMBER_OBJECT_CONVERSION = YES_AGGRESSIVE;
				CLANG_CXX_LANGUAGE_STANDARD = "gnu++20";
				CLANG_ENABLE_MODULES = YES;
				CLANG_ENABLE_OBJC_ARC = YES;
				CLANG_ENABLE_OBJC_WEAK = YES;
				CLANG_WARN_BLOCK_CAPTURE_AUTORELEASING = YES;
				CLANG_WARN_BOOL_CONVERSION = YES;
				CLANG_WARN_COMMA = YES;
				CLANG_WARN_CONSTANT_CONVERSION = YES;
				CLANG_WARN_DEPRECATED_OBJC_IMPLEMENTATIONS = YES;
				CLANG_WARN_DIRECT_OBJC_ISA_USAGE = YES_ERROR;
				CLANG_WARN_DOCUMENTATION_COMMENTS = YES;
				CLANG_WARN_EMPTY_BODY = YES;
				CLANG_WARN_ENUM_CONVERSION = YES;
				CLANG_WARN_INFINITE_RECURSION = YES;
				CLANG_WARN_INT_CONVERSION = YES;
				CLANG_WARN_NON_LITERAL_NULL_CONVERSION = YES;
				CLANG_WARN_OBJC_IMPLICIT_RETAIN_SELF = YES;
				CLANG_WARN_OBJC_LITERAL_CONVERSION = YES;
				CLANG_WARN_OBJC_ROOT_CLASS = YES_ERROR;
				CLANG_WARN_QUOTED_INCLUDE_IN_FRAMEWORK_HEADER = YES;
				CLANG_WARN_RANGE_LOOP_ANALYSIS = YES;
				CLANG_WARN_STRICT_PROTOTYPES = YES;
				CLANG_WARN_SUSPICIOUS_MOVE = YES;
				CLANG_WARN_UNGUARDED_AVAILABILITY = YES_AGGRESSIVE;
				CLANG_WARN_UNREACHABLE_CODE = YES;
				CLANG_WARN__DUPLICATE_METHOD_MATCH = YES;
				COPY_PHASE_STRIP = NO;
				DEBUG_INFORMATION_FORMAT = dwarf;
				ENABLE_STRICT_OBJC_MSGSEND = YES;
				ENABLE_TESTABILITY = YES;
				ENABLE_USER_SCRIPT_SANDBOXING = YES;
				GCC_C_LANGUAGE_STANDARD = gnu17;
				GCC_DYNAMIC_NO_PIC = NO;
				GCC_NO_COMMON_BLOCKS = YES;
				GCC_OPTIMIZATION_LEVEL = 0;
				GCC_PREPROCESSOR_DEFINITIONS = (
					"DEBUG=1",
					"$(inherited)",
				);
				GCC_WARN_64_TO_32_BIT_CONVERSION = YES;
				GCC_WARN_ABOUT_RETURN_TYPE = YES_ERROR;
				GCC_WARN_UNDECLARED_SELECTOR = YES;
				GCC_WARN_UNINITIALIZED_AUTOS = YES_AGGRESSIVE;
				GCC_WARN_UNUSED_FUNCTION = YES;
				GCC_WARN_UNUSED_VARIABLE = YES;
				IPHONEOS_DEPLOYMENT_TARGET = 18.0;
				LOCALIZATION_PREFERS_STRING_CATALOGS = YES;
				MTL_ENABLE_DEBUG_INFO = INCLUDE_SOURCE;
				MTL_FAST_MATH = YES;
				ONLY_ACTIVE_ARCH = YES;
				SDKROOT = iphoneos;
				SWIFT_ACTIVE_COMPILATION_CONDITIONS = "DEBUG $(inherited)";
				SWIFT_OPTIMIZATION_LEVEL = "-Onone";
			};
			name = Debug;
		};
		AD49320F2CBFBD0B007A2DE2 /* Release */ = {
			isa = XCBuildConfiguration;
			buildSettings = {
				ALWAYS_SEARCH_USER_PATHS = NO;
				ASSETCATALOG_COMPILER_GENERATE_SWIFT_ASSET_SYMBOL_EXTENSIONS = YES;
				CLANG_ANALYZER_NONNULL = YES;
				CLANG_ANALYZER_NUMBER_OBJECT_CONVERSION = YES_AGGRESSIVE;
				CLANG_CXX_LANGUAGE_STANDARD = "gnu++20";
				CLANG_ENABLE_MODULES = YES;
				CLANG_ENABLE_OBJC_ARC = YES;
				CLANG_ENABLE_OBJC_WEAK = YES;
				CLANG_WARN_BLOCK_CAPTURE_AUTORELEASING = YES;
				CLANG_WARN_BOOL_CONVERSION = YES;
				CLANG_WARN_COMMA = YES;
				CLANG_WARN_CONSTANT_CONVERSION = YES;
				CLANG_WARN_DEPRECATED_OBJC_IMPLEMENTATIONS = YES;
				CLANG_WARN_DIRECT_OBJC_ISA_USAGE = YES_ERROR;
				CLANG_WARN_DOCUMENTATION_COMMENTS = YES;
				CLANG_WARN_EMPTY_BODY = YES;
				CLANG_WARN_ENUM_CONVERSION = YES;
				CLANG_WARN_INFINITE_RECURSION = YES;
				CLANG_WARN_INT_CONVERSION = YES;
				CLANG_WARN_NON_LITERAL_NULL_CONVERSION = YES;
				CLANG_WARN_OBJC_IMPLICIT_RETAIN_SELF = YES;
				CLANG_WARN_OBJC_LITERAL_CONVERSION = YES;
				CLANG_WARN_OBJC_ROOT_CLASS = YES_ERROR;
				CLANG_WARN_QUOTED_INCLUDE_IN_FRAMEWORK_HEADER = YES;
				CLANG_WARN_RANGE_LOOP_ANALYSIS = YES;
				CLANG_WARN_STRICT_PROTOTYPES = YES;
				CLANG_WARN_SUSPICIOUS_MOVE = YES;
				CLANG_WARN_UNGUARDED_AVAILABILITY = YES_AGGRESSIVE;
				CLANG_WARN_UNREACHABLE_CODE = YES;
				CLANG_WARN__DUPLICATE_METHOD_MATCH = YES;
				COPY_PHASE_STRIP = NO;
				DEBUG_INFORMATION_FORMAT = "dwarf-with-dsym";
				ENABLE_NS_ASSERTIONS = NO;
				ENABLE_STRICT_OBJC_MSGSEND = YES;
				ENABLE_USER_SCRIPT_SANDBOXING = YES;
				GCC_C_LANGUAGE_STANDARD = gnu17;
				GCC_NO_COMMON_BLOCKS = YES;
				GCC_WARN_64_TO_32_BIT_CONVERSION = YES;
				GCC_WARN_ABOUT_RETURN_TYPE = YES_ERROR;
				GCC_WARN_UNDECLARED_SELECTOR = YES;
				GCC_WARN_UNINITIALIZED_AUTOS = YES_AGGRESSIVE;
				GCC_WARN_UNUSED_FUNCTION = YES;
				GCC_WARN_UNUSED_VARIABLE = YES;
				IPHONEOS_DEPLOYMENT_TARGET = 18.0;
				LOCALIZATION_PREFERS_STRING_CATALOGS = YES;
				MTL_ENABLE_DEBUG_INFO = NO;
				MTL_FAST_MATH = YES;
				SDKROOT = iphoneos;
				SWIFT_COMPILATION_MODE = wholemodule;
				VALIDATE_PRODUCT = YES;
			};
			name = Release;
		};
		AD4932112CBFBD0B007A2DE2 /* Debug */ = {
			isa = XCBuildConfiguration;
			buildSettings = {
				ASSETCATALOG_COMPILER_APPICON_NAME = AppIcon;
				ASSETCATALOG_COMPILER_GLOBAL_ACCENT_COLOR_NAME = AccentColor;
				CODE_SIGN_STYLE = Automatic;
				CURRENT_PROJECT_VERSION = 1;
				DEVELOPMENT_ASSET_PATHS = "\"trustSaver/Preview Content\"";
				DEVELOPMENT_TEAM = JTSKL98H72;
				ENABLE_PREVIEWS = YES;
				GENERATE_INFOPLIST_FILE = YES;
				INFOPLIST_KEY_UIApplicationSceneManifest_Generation = YES;
				INFOPLIST_KEY_UIApplicationSupportsIndirectInputEvents = YES;
				INFOPLIST_KEY_UILaunchScreen_Generation = YES;
				INFOPLIST_KEY_UISupportedInterfaceOrientations_iPad = "UIInterfaceOrientationPortrait UIInterfaceOrientationPortraitUpsideDown UIInterfaceOrientationLandscapeLeft UIInterfaceOrientationLandscapeRight";
				INFOPLIST_KEY_UISupportedInterfaceOrientations_iPhone = "UIInterfaceOrientationPortrait UIInterfaceOrientationLandscapeLeft UIInterfaceOrientationLandscapeRight";
				LD_RUNPATH_SEARCH_PATHS = (
					"$(inherited)",
					"@executable_path/Frameworks",
				);
				MARKETING_VERSION = 1.0;
				PRODUCT_BUNDLE_IDENTIFIER = tyandco.trustSaver;
				PRODUCT_NAME = "$(TARGET_NAME)";
				SWIFT_EMIT_LOC_STRINGS = YES;
				SWIFT_VERSION = 5.0;
				TARGETED_DEVICE_FAMILY = "1,2";
			};
			name = Debug;
		};
		AD4932122CBFBD0B007A2DE2 /* Release */ = {
			isa = XCBuildConfiguration;
			buildSettings = {
				ASSETCATALOG_COMPILER_APPICON_NAME = AppIcon;
				ASSETCATALOG_COMPILER_GLOBAL_ACCENT_COLOR_NAME = AccentColor;
				CODE_SIGN_STYLE = Automatic;
				CURRENT_PROJECT_VERSION = 1;
				DEVELOPMENT_ASSET_PATHS = "\"trustSaver/Preview Content\"";
				DEVELOPMENT_TEAM = JTSKL98H72;
				ENABLE_PREVIEWS = YES;
				GENERATE_INFOPLIST_FILE = YES;
				INFOPLIST_KEY_UIApplicationSceneManifest_Generation = YES;
				INFOPLIST_KEY_UIApplicationSupportsIndirectInputEvents = YES;
				INFOPLIST_KEY_UILaunchScreen_Generation = YES;
				INFOPLIST_KEY_UISupportedInterfaceOrientations_iPad = "UIInterfaceOrientationPortrait UIInterfaceOrientationPortraitUpsideDown UIInterfaceOrientationLandscapeLeft UIInterfaceOrientationLandscapeRight";
				INFOPLIST_KEY_UISupportedInterfaceOrientations_iPhone = "UIInterfaceOrientationPortrait UIInterfaceOrientationLandscapeLeft UIInterfaceOrientationLandscapeRight";
				LD_RUNPATH_SEARCH_PATHS = (
					"$(inherited)",
					"@executable_path/Frameworks",
				);
				MARKETING_VERSION = 1.0;
				PRODUCT_BUNDLE_IDENTIFIER = tyandco.trustSaver;
				PRODUCT_NAME = "$(TARGET_NAME)";
				SWIFT_EMIT_LOC_STRINGS = YES;
				SWIFT_VERSION = 5.0;
				TARGETED_DEVICE_FAMILY = "1,2";
			};
			name = Release;
		};
		AD4932142CBFBD0B007A2DE2 /* Debug */ = {
			isa = XCBuildConfiguration;
			buildSettings = {
				BUNDLE_LOADER = "$(TEST_HOST)";
				CODE_SIGN_STYLE = Automatic;
				CURRENT_PROJECT_VERSION = 1;
				DEVELOPMENT_TEAM = JTSKL98H72;
				GENERATE_INFOPLIST_FILE = YES;
				IPHONEOS_DEPLOYMENT_TARGET = 18.0;
				MARKETING_VERSION = 1.0;
				PRODUCT_BUNDLE_IDENTIFIER = tyandco.trustSaverTests;
				PRODUCT_NAME = "$(TARGET_NAME)";
				SWIFT_EMIT_LOC_STRINGS = NO;
				SWIFT_VERSION = 5.0;
				TARGETED_DEVICE_FAMILY = "1,2";
				TEST_HOST = "$(BUILT_PRODUCTS_DIR)/trustSaver.app/$(BUNDLE_EXECUTABLE_FOLDER_PATH)/trustSaver";
			};
			name = Debug;
		};
		AD4932152CBFBD0B007A2DE2 /* Release */ = {
			isa = XCBuildConfiguration;
			buildSettings = {
				BUNDLE_LOADER = "$(TEST_HOST)";
				CODE_SIGN_STYLE = Automatic;
				CURRENT_PROJECT_VERSION = 1;
				DEVELOPMENT_TEAM = JTSKL98H72;
				GENERATE_INFOPLIST_FILE = YES;
				IPHONEOS_DEPLOYMENT_TARGET = 18.0;
				MARKETING_VERSION = 1.0;
				PRODUCT_BUNDLE_IDENTIFIER = tyandco.trustSaverTests;
				PRODUCT_NAME = "$(TARGET_NAME)";
				SWIFT_EMIT_LOC_STRINGS = NO;
				SWIFT_VERSION = 5.0;
				TARGETED_DEVICE_FAMILY = "1,2";
				TEST_HOST = "$(BUILT_PRODUCTS_DIR)/trustSaver.app/$(BUNDLE_EXECUTABLE_FOLDER_PATH)/trustSaver";
			};
			name = Release;
		};
		AD4932172CBFBD0B007A2DE2 /* Debug */ = {
			isa = XCBuildConfiguration;
			buildSettings = {
				CODE_SIGN_STYLE = Automatic;
				CURRENT_PROJECT_VERSION = 1;
				DEVELOPMENT_TEAM = JTSKL98H72;
				GENERATE_INFOPLIST_FILE = YES;
				MARKETING_VERSION = 1.0;
				PRODUCT_BUNDLE_IDENTIFIER = tyandco.trustSaverUITests;
				PRODUCT_NAME = "$(TARGET_NAME)";
				SWIFT_EMIT_LOC_STRINGS = NO;
				SWIFT_VERSION = 5.0;
				TARGETED_DEVICE_FAMILY = "1,2";
				TEST_TARGET_NAME = trustSaver;
			};
			name = Debug;
		};
		AD4932182CBFBD0B007A2DE2 /* Release */ = {
			isa = XCBuildConfiguration;
			buildSettings = {
				CODE_SIGN_STYLE = Automatic;
				CURRENT_PROJECT_VERSION = 1;
				DEVELOPMENT_TEAM = JTSKL98H72;
				GENERATE_INFOPLIST_FILE = YES;
				MARKETING_VERSION = 1.0;
				PRODUCT_BUNDLE_IDENTIFIER = tyandco.trustSaverUITests;
				PRODUCT_NAME = "$(TARGET_NAME)";
				SWIFT_EMIT_LOC_STRINGS = NO;
				SWIFT_VERSION = 5.0;
				TARGETED_DEVICE_FAMILY = "1,2";
				TEST_TARGET_NAME = trustSaver;
			};
			name = Release;
		};
/* End XCBuildConfiguration section */

/* Begin XCConfigurationList section */
		AD4931E52CBFBD09007A2DE2 /* Build configuration list for PBXProject "trustSaver" */ = {
			isa = XCConfigurationList;
			buildConfigurations = (
				AD49320E2CBFBD0B007A2DE2 /* Debug */,
				AD49320F2CBFBD0B007A2DE2 /* Release */,
			);
			defaultConfigurationIsVisible = 0;
			defaultConfigurationName = Release;
		};
		AD4932102CBFBD0B007A2DE2 /* Build configuration list for PBXNativeTarget "trustSaver" */ = {
			isa = XCConfigurationList;
			buildConfigurations = (
				AD4932112CBFBD0B007A2DE2 /* Debug */,
				AD4932122CBFBD0B007A2DE2 /* Release */,
			);
			defaultConfigurationIsVisible = 0;
			defaultConfigurationName = Release;
		};
		AD4932132CBFBD0B007A2DE2 /* Build configuration list for PBXNativeTarget "trustSaverTests" */ = {
			isa = XCConfigurationList;
			buildConfigurations = (
				AD4932142CBFBD0B007A2DE2 /* Debug */,
				AD4932152CBFBD0B007A2DE2 /* Release */,
			);
			defaultConfigurationIsVisible = 0;
			defaultConfigurationName = Release;
		};
		AD4932162CBFBD0B007A2DE2 /* Build configuration list for PBXNativeTarget "trustSaverUITests" */ = {
			isa = XCConfigurationList;
			buildConfigurations = (
				AD4932172CBFBD0B007A2DE2 /* Debug */,
				AD4932182CBFBD0B007A2DE2 /* Release */,
			);
			defaultConfigurationIsVisible = 0;
			defaultConfigurationName = Release;
		};
/* End XCConfigurationList section */
	};
	rootObject = AD4931E22CBFBD09007A2DE2 /* Project object */;
}
